// !$*UTF8*$!
{
	archiveVersion = 1;
	classes = {
	};
	objectVersion = 77;
	objects = {

/* Begin PBXBuildFile section */
		38C68FD12FA49E5500639B0D /* HotKey in Frameworks */ = {isa = PBXBuildFile; productRef = 38C68FD02FA49E5500639B0D /* HotKey */; };
/* End PBXBuildFile section */

/* Begin PBXContainerItemProxy section */
		38C68FA22FA49B1100639B0D /* PBXContainerItemProxy */ = {
			isa = PBXContainerItemProxy;
			containerPortal = 38C68F892FA49B1000639B0D /* Project object */;
			proxyType = 1;
			remoteGlobalIDString = 38C68F902FA49B1000639B0D;
			remoteInfo = GZUK;
		};
		38C68FAC2FA49B1100639B0D /* PBXContainerItemProxy */ = {
			isa = PBXContainerItemProxy;
			containerPortal = 38C68F892FA49B1000639B0D /* Project object */;
			proxyType = 1;
			remoteGlobalIDString = 38C68F902FA49B1000639B0D;
			remoteInfo = GZUK;
		};
/* End PBXContainerItemProxy section */

/* Begin PBXFileReference section */
		38C68F912FA49B1000639B0D /* GZUK.app */ = {isa = PBXFileReference; explicitFileType = wrapper.application; includeInIndex = 0; path = GZUK.app; sourceTree = BUILT_PRODUCTS_DIR; };
		38C68FA12FA49B1100639B0D /* GZUKTests.xctest */ = {isa = PBXFileReference; explicitFileType = wrapper.cfbundle; includeInIndex = 0; path = GZUKTests.xctest; sourceTree = BUILT_PRODUCTS_DIR; };
		38C68FAB2FA49B1100639B0D /* GZUKUITests.xctest */ = {isa = PBXFileReference; explicitFileType = wrapper.cfbundle; includeInIndex = 0; path = GZUKUITests.xctest; sourceTree = BUILT_PRODUCTS_DIR; };
/* End PBXFileReference section */

/* Begin PBXFileSystemSynchronizedBuildFileExceptionSet section */
		38C68FCE2FA49C2E00639B0D /* Exceptions for "GZUK" folder in "GZUK" target */ = {
			isa = PBXFileSystemSynchronizedBuildFileExceptionSet;
			membershipExceptions = (
				Info.plist,
			);
			target = 38C68F902FA49B1000639B0D /* GZUK */;
		};
/* End PBXFileSystemSynchronizedBuildFileExceptionSet section */

/* Begin PBXFileSystemSynchronizedRootGroup section */
		38C68F932FA49B1000639B0D /* GZUK */ = {
			isa = PBXFileSystemSynchronizedRootGroup;
			exceptions = (
				38C68FCE2FA49C2E00639B0D /* Exceptions for "GZUK" folder in "GZUK" target */,
			);
			path = GZUK;
			sourceTree = "<group>";
		};
		38C68FA42FA49B1100639B0D /* GZUKTests */ = {
			isa = PBXFileSystemSynchronizedRootGroup;
			path = GZUKTests;
			sourceTree = "<group>";
		};
		38C68FAE2FA49B1100639B0D /* GZUKUITests */ = {
			isa = PBXFileSystemSynchronizedRootGroup;
			path = GZUKUITests;
			sourceTree = "<group>";
		};
/* End PBXFileSystemSynchronizedRootGroup section */

/* Begin PBXFrameworksBuildPhase section */
		38C68F8E2FA49B1000639B0D /* Frameworks */ = {
			isa = PBXFrameworksBuildPhase;
			buildActionMask = 2147483647;
			files = (
				38C68FD12FA49E5500639B0D /* HotKey in Frameworks */,
			);
			runOnlyForDeploymentPostprocessing = 0;
		};
		38C68F9E2FA49B1100639B0D /* Frameworks */ = {
			isa = PBXFrameworksBuildPhase;
			buildActionMask = 2147483647;
			files = (
			);
			runOnlyForDeploymentPostprocessing = 0;
		};
		38C68FA82FA49B1100639B0D /* Frameworks */ = {
			isa = PBXFrameworksBuildPhase;
			buildActionMask = 2147483647;
			files = (
			);
			runOnlyForDeploymentPostprocessing = 0;
		};
/* End PBXFrameworksBuildPhase section */

/* Begin PBXGroup section */
		38C68F882FA49B1000639B0D = {
			isa = PBXGroup;
			children = (
				38C68F932FA49B1000639B0D /* GZUK */,
				38C68FA42FA49B1100639B0D /* GZUKTests */,
				38C68FAE2FA49B1100639B0D /* GZUKUITests */,
				38C68F922FA49B1000639B0D /* Products */,
			);
			sourceTree = "<group>";
		};
		38C68F922FA49B1000639B0D /* Products */ = {
			isa = PBXGroup;
			children = (
				38C68F912FA49B1000639B0D /* GZUK.app */,
				38C68FA12FA49B1100639B0D /* GZUKTests.xctest */,
				38C68FAB2FA49B1100639B0D /* GZUKUITests.xctest */,
			);
			name = Products;
			sourceTree = "<group>";
		};
/* End PBXGroup section */

/* Begin PBXNativeTarget section */
		38C68F902FA49B1000639B0D /* GZUK */ = {
			isa = PBXNativeTarget;
			buildConfigurationList = 38C68FB52FA49B1100639B0D /* Build configuration list for PBXNativeTarget "GZUK" */;
			buildPhases = (
				38C68F8D2FA49B1000639B0D /* Sources */,
				38C68F8E2FA49B1000639B0D /* Frameworks */,
				38C68F8F2FA49B1000639B0D /* Resources */,
			);
			buildRules = (
			);
			dependencies = (
			);
			fileSystemSynchronizedGroups = (
				38C68F932FA49B1000639B0D /* GZUK */,
			);
			name = GZUK;
			packageProductDependencies = (
				38C68FD02FA49E5500639B0D /* HotKey */,
			);
			productName = GZUK;
			productReference = 38C68F912FA49B1000639B0D /* GZUK.app */;
			productType = "com.apple.product-type.application";
		};
		38C68FA02FA49B1100639B0D /* GZUKTests */ = {
			isa = PBXNativeTarget;
			buildConfigurationList = 38C68FB82FA49B1100639B0D /* Build configuration list for PBXNativeTarget "GZUKTests" */;
			buildPhases = (
				38C68F9D2FA49B1100639B0D /* Sources */,
				38C68F9E2FA49B1100639B0D /* Frameworks */,
				38C68F9F2FA49B1100639B0D /* Resources */,
			);
			buildRules = (
			);
			dependencies = (
				38C68FA32FA49B1100639B0D /* PBXTargetDependency */,
			);
			fileSystemSynchronizedGroups = (
				38C68FA42FA49B1100639B0D /* GZUKTests */,
			);
			name = GZUKTests;
			packageProductDependencies = (
			);
			productName = GZUKTests;
			productReference = 38C68FA12FA49B1100639B0D /* GZUKTests.xctest */;
			productType = "com.apple.product-type.bundle.unit-test";
		};
		38C68FAA2FA49B1100639B0D /* GZUKUITests */ = {
			isa = PBXNativeTarget;
			buildConfigurationList = 38C68FBB2FA49B1100639B0D /* Build configuration list for PBXNativeTarget "GZUKUITests" */;
			buildPhases = (
				38C68FA72FA49B1100639B0D /* Sources */,
				38C68FA82FA49B1100639B0D /* Frameworks */,
				38C68FA92FA49B1100639B0D /* Resources */,
			);
			buildRules = (
			);
			dependencies = (
				38C68FAD2FA49B1100639B0D /* PBXTargetDependency */,
			);
			fileSystemSynchronizedGroups = (
				38C68FAE2FA49B1100639B0D /* GZUKUITests */,
			);
			name = GZUKUITests;
			packageProductDependencies = (
			);
			productName = GZUKUITests;
			productReference = 38C68FAB2FA49B1100639B0D /* GZUKUITests.xctest */;
			productType = "com.apple.product-type.bundle.ui-testing";
		};
/* End PBXNativeTarget section */

/* Begin PBXProject section */
		38C68F892FA49B1000639B0D /* Project object */ = {
			isa = PBXProject;
			attributes = {
				BuildIndependentTargetsInParallel = 1;
				LastSwiftUpdateCheck = 2630;
				LastUpgradeCheck = 2630;
				TargetAttributes = {
					38C68F902FA49B1000639B0D = {
						CreatedOnToolsVersion = 26.3;
					};
					38C68FA02FA49B1100639B0D = {
						CreatedOnToolsVersion = 26.3;
						TestTargetID = 38C68F902FA49B1000639B0D;
					};
					38C68FAA2FA49B1100639B0D = {
						CreatedOnToolsVersion = 26.3;
						TestTargetID = 38C68F902FA49B1000639B0D;
					};
				};
			};
			buildConfigurationList = 38C68F8C2FA49B1000639B0D /* Build configuration list for PBXProject "GZUK" */;
			developmentRegion = en;
			hasScannedForEncodings = 0;
			knownRegions = (
				en,
				Base,
				ko,
			);
			mainGroup = 38C68F882FA49B1000639B0D;
			minimizedProjectReferenceProxies = 1;
			packageReferences = (
				38C68FCF2FA49E5500639B0D /* XCRemoteSwiftPackageReference "HotKey" */,
			);
			preferredProjectObjectVersion = 77;
			productRefGroup = 38C68F922FA49B1000639B0D /* Products */;
			projectDirPath = "";
			projectRoot = "";
			targets = (
				38C68F902FA49B1000639B0D /* GZUK */,
				38C68FA02FA49B1100639B0D /* GZUKTests */,
				38C68FAA2FA49B1100639B0D /* GZUKUITests */,
			);
		};
/* End PBXProject section */

/* Begin PBXResourcesBuildPhase section */
		38C68F8F2FA49B1000639B0D /* Resources */ = {
			isa = PBXResourcesBuildPhase;
			buildActionMask = 2147483647;
			files = (
			);
			runOnlyForDeploymentPostprocessing = 0;
		};
		38C68F9F2FA49B1100639B0D /* Resources */ = {
			isa = PBXResourcesBuildPhase;
			buildActionMask = 2147483647;
			files = (
			);
			runOnlyForDeploymentPostprocessing = 0;
		};
		38C68FA92FA49B1100639B0D /* Resources */ = {
			isa = PBXResourcesBuildPhase;
			buildActionMask = 2147483647;
			files = (
			);
			runOnlyForDeploymentPostprocessing = 0;
		};
/* End PBXResourcesBuildPhase section */

/* Begin PBXSourcesBuildPhase section */
		38C68F8D2FA49B1000639B0D /* Sources */ = {
			isa = PBXSourcesBuildPhase;
			buildActionMask = 2147483647;
			files = (
			);
			runOnlyForDeploymentPostprocessing = 0;
		};
		38C68F9D2FA49B1100639B0D /* Sources */ = {
			isa = PBXSourcesBuildPhase;
			buildActionMask = 2147483647;
			files = (
			);
			runOnlyForDeploymentPostprocessing = 0;
		};
		38C68FA72FA49B1100639B0D /* Sources */ = {
			isa = PBXSourcesBuildPhase;
			buildActionMask = 2147483647;
			files = (
			);
			runOnlyForDeploymentPostprocessing = 0;
		};
/* End PBXSourcesBuildPhase section */

/* Begin PBXTargetDependency section */
		38C68FA32FA49B1100639B0D /* PBXTargetDependency */ = {
			isa = PBXTargetDependency;
			target = 38C68F902FA49B1000639B0D /* GZUK */;
			targetProxy = 38C68FA22FA49B1100639B0D /* PBXContainerItemProxy */;
		};
		38C68FAD2FA49B1100639B0D /* PBXTargetDependency */ = {
			isa = PBXTargetDependency;
			target = 38C68F902FA49B1000639B0D /* GZUK */;
			targetProxy = 38C68FAC2FA49B1100639B0D /* PBXContainerItemProxy */;
		};
/* End PBXTargetDependency section */

/* Begin XCBuildConfiguration section */
		38C68FB32FA49B1100639B0D /* Debug */ = {
			isa = XCBuildConfiguration;
			buildSettings = {
				ALWAYS_SEARCH_USER_PATHS = NO;
				ASSETCATALOG_COMPILER_GENERATE_SWIFT_ASSET_SYMBOL_EXTENSIONS = YES;
				CLANG_ANALYZER_NONNULL = YES;
				CLANG_ANALYZER_NUMBER_OBJECT_CONVERSION = YES_AGGRESSIVE;
				CLANG_CXX_LANGUAGE_STANDARD = "gnu++20";
				CLANG_ENABLE_MODULES = YES;
				CLANG_ENABLE_OBJC_ARC = YES;
				CLANG_ENABLE_OBJC_WEAK = YES;
				CLANG_WARN_BLOCK_CAPTURE_AUTORELEASING = YES;
				CLANG_WARN_BOOL_CONVERSION = YES;
				CLANG_WARN_COMMA = YES;
				CLANG_WARN_CONSTANT_CONVERSION = YES;
				CLANG_WARN_DEPRECATED_OBJC_IMPLEMENTATIONS = YES;
				CLANG_WARN_DIRECT_OBJC_ISA_USAGE = YES_ERROR;
				CLANG_WARN_DOCUMENTATION_COMMENTS = YES;
				CLANG_WARN_EMPTY_BODY = YES;
				CLANG_WARN_ENUM_CONVERSION = YES;
				CLANG_WARN_INFINITE_RECURSION = YES;
				CLANG_WARN_INT_CONVERSION = YES;
				CLANG_WARN_NON_LITERAL_NULL_CONVERSION = YES;
				CLANG_WARN_OBJC_IMPLICIT_RETAIN_SELF = YES;
				CLANG_WARN_OBJC_LITERAL_CONVERSION = YES;
				CLANG_WARN_OBJC_ROOT_CLASS = YES_ERROR;
				CLANG_WARN_QUOTED_INCLUDE_IN_FRAMEWORK_HEADER = YES;
				CLANG_WARN_RANGE_LOOP_ANALYSIS = YES;
				CLANG_WARN_STRICT_PROTOTYPES = YES;
				CLANG_WARN_SUSPICIOUS_MOVE = YES;
				CLANG_WARN_UNGUARDED_AVAILABILITY = YES_AGGRESSIVE;
				CLANG_WARN_UNREACHABLE_CODE = YES;
				CLANG_WARN__DUPLICATE_METHOD_MATCH = YES;
				COPY_PHASE_STRIP = NO;
				DEBUG_INFORMATION_FORMAT = dwarf;
				ENABLE_STRICT_OBJC_MSGSEND = YES;
				ENABLE_TESTABILITY = YES;
				ENABLE_USER_SCRIPT_SANDBOXING = YES;
				GCC_C_LANGUAGE_STANDARD = gnu17;
				GCC_DYNAMIC_NO_PIC = NO;
				GCC_NO_COMMON_BLOCKS = YES;
				GCC_OPTIMIZATION_LEVEL = 0;
				GCC_PREPROCESSOR_DEFINITIONS = (
					"DEBUG=1",
					"$(inherited)",
				);
				GCC_WARN_64_TO_32_BIT_CONVERSION = YES;
				GCC_WARN_ABOUT_RETURN_TYPE = YES_ERROR;
				GCC_WARN_UNDECLARED_SELECTOR = YES;
				GCC_WARN_UNINITIALIZED_AUTOS = YES_AGGRESSIVE;
				GCC_WARN_UNUSED_FUNCTION = YES;
				GCC_WARN_UNUSED_VARIABLE = YES;
				LOCALIZATION_PREFERS_STRING_CATALOGS = YES;
				MACOSX_DEPLOYMENT_TARGET = 26.2;
				MTL_ENABLE_DEBUG_INFO = INCLUDE_SOURCE;
				MTL_FAST_MATH = YES;
				ONLY_ACTIVE_ARCH = YES;
				SDKROOT = macosx;
				SWIFT_ACTIVE_COMPILATION_CONDITIONS = "DEBUG $(inherited)";
				SWIFT_OPTIMIZATION_LEVEL = "-Onone";
			};
			name = Debug;
		};
		38C68FB42FA49B1100639B0D /* Release */ = {
			isa = XCBuildConfiguration;
			buildSettings = {
				ALWAYS_SEARCH_USER_PATHS = NO;
				ASSETCATALOG_COMPILER_GENERATE_SWIFT_ASSET_SYMBOL_EXTENSIONS = YES;
				CLANG_ANALYZER_NONNULL = YES;
				CLANG_ANALYZER_NUMBER_OBJECT_CONVERSION = YES_AGGRESSIVE;
				CLANG_CXX_LANGUAGE_STANDARD = "gnu++20";
				CLANG_ENABLE_MODULES = YES;
				CLANG_ENABLE_OBJC_ARC = YES;
				CLANG_ENABLE_OBJC_WEAK = YES;
				CLANG_WARN_BLOCK_CAPTURE_AUTORELEASING = YES;
				CLANG_WARN_BOOL_CONVERSION = YES;
				CLANG_WARN_COMMA = YES;
				CLANG_WARN_CONSTANT_CONVERSION = YES;
				CLANG_WARN_DEPRECATED_OBJC_IMPLEMENTATIONS = YES;
				CLANG_WARN_DIRECT_OBJC_ISA_USAGE = YES_ERROR;
				CLANG_WARN_DOCUMENTATION_COMMENTS = YES;
				CLANG_WARN_EMPTY_BODY = YES;
				CLANG_WARN_ENUM_CONVERSION = YES;
				CLANG_WARN_INFINITE_RECURSION = YES;
				CLANG_WARN_INT_CONVERSION = YES;
				CLANG_WARN_NON_LITERAL_NULL_CONVERSION = YES;
				CLANG_WARN_OBJC_IMPLICIT_RETAIN_SELF = YES;
				CLANG_WARN_OBJC_LITERAL_CONVERSION = YES;
				CLANG_WARN_OBJC_ROOT_CLASS = YES_ERROR;
				CLANG_WARN_QUOTED_INCLUDE_IN_FRAMEWORK_HEADER = YES;
				CLANG_WARN_RANGE_LOOP_ANALYSIS = YES;
				CLANG_WARN_STRICT_PROTOTYPES = YES;
				CLANG_WARN_SUSPICIOUS_MOVE = YES;
				CLANG_WARN_UNGUARDED_AVAILABILITY = YES_AGGRESSIVE;
				CLANG_WARN_UNREACHABLE_CODE = YES;
				CLANG_WARN__DUPLICATE_METHOD_MATCH = YES;
				COPY_PHASE_STRIP = NO;
				DEBUG_INFORMATION_FORMAT = "dwarf-with-dsym";
				ENABLE_NS_ASSERTIONS = NO;
				ENABLE_STRICT_OBJC_MSGSEND = YES;
				ENABLE_USER_SCRIPT_SANDBOXING = YES;
				GCC_C_LANGUAGE_STANDARD = gnu17;
				GCC_NO_COMMON_BLOCKS = YES;
				GCC_WARN_64_TO_32_BIT_CONVERSION = YES;
				GCC_WARN_ABOUT_RETURN_TYPE = YES_ERROR;
				GCC_WARN_UNDECLARED_SELECTOR = YES;
				GCC_WARN_UNINITIALIZED_AUTOS = YES_AGGRESSIVE;
				GCC_WARN_UNUSED_FUNCTION = YES;
				GCC_WARN_UNUSED_VARIABLE = YES;
				LOCALIZATION_PREFERS_STRING_CATALOGS = YES;
				MACOSX_DEPLOYMENT_TARGET = 26.2;
				MTL_ENABLE_DEBUG_INFO = NO;
				MTL_FAST_MATH = YES;
				SDKROOT = macosx;
				SWIFT_COMPILATION_MODE = wholemodule;
			};
			name = Release;
		};
		38C68FB62FA49B1100639B0D /* Debug */ = {
			isa = XCBuildConfiguration;
			buildSettings = {
				ASSETCATALOG_COMPILER_APPICON_NAME = AppIcon;
				ASSETCATALOG_COMPILER_GLOBAL_ACCENT_COLOR_NAME = AccentColor;
				CODE_SIGN_STYLE = Automatic;
				COMBINE_HIDPI_IMAGES = YES;
				CURRENT_PROJECT_VERSION = 1;
				ENABLE_APP_SANDBOX = YES;
				ENABLE_USER_SELECTED_FILES = readonly;
				GENERATE_INFOPLIST_FILE = YES;
				INFOPLIST_FILE = GZUK/Info.plist;
				INFOPLIST_KEY_CFBundleDisplayName = "그려적어";
				INFOPLIST_KEY_CFBundleName = "그려적어";
				INFOPLIST_KEY_LSApplicationCategoryType = "";
				INFOPLIST_KEY_LSUIElement = YES;
				INFOPLIST_KEY_NSHumanReadableCopyright = "";
				INFOPLIST_KEY_NSPrincipalClass = NSApplication;
				LD_RUNPATH_SEARCH_PATHS = (
					"$(inherited)",
					"@executable_path/../Frameworks",
				);
				MACOSX_DEPLOYMENT_TARGET = 14.0;
				MARKETING_VERSION = 0.9;
				PRODUCT_BUNDLE_IDENTIFIER = com.leevigong.GZUK;
				PRODUCT_NAME = "$(TARGET_NAME)";
				REGISTER_APP_GROUPS = YES;
				STRING_CATALOG_GENERATE_SYMBOLS = YES;
				SWIFT_APPROACHABLE_CONCURRENCY = YES;
				SWIFT_DEFAULT_ACTOR_ISOLATION = MainActor;
				SWIFT_EMIT_LOC_STRINGS = YES;
				SWIFT_UPCOMING_FEATURE_MEMBER_IMPORT_VISIBILITY = YES;
				SWIFT_VERSION = 5.0;
			};
			name = Debug;
		};
		38C68FB72FA49B1100639B0D /* Release */ = {
			isa = XCBuildConfiguration;
			buildSettings = {
				ASSETCATALOG_COMPILER_APPICON_NAME = AppIcon;
				ASSETCATALOG_COMPILER_GLOBAL_ACCENT_COLOR_NAME = AccentColor;
				CODE_SIGN_STYLE = Automatic;
				COMBINE_HIDPI_IMAGES = YES;
				CURRENT_PROJECT_VERSION = 1;
				ENABLE_APP_SANDBOX = YES;
				ENABLE_USER_SELECTED_FILES = readonly;
				GENERATE_INFOPLIST_FILE = YES;
				INFOPLIST_FILE = GZUK/Info.plist;
				INFOPLIST_KEY_CFBundleDisplayName = "그려적어";
				INFOPLIST_KEY_CFBundleName = "그려적어";
				INFOPLIST_KEY_LSApplicationCategoryType = "";
				INFOPLIST_KEY_LSUIElement = YES;
				INFOPLIST_KEY_NSHumanReadableCopyright = "";
				INFOPLIST_KEY_NSPrincipalClass = NSApplication;
				LD_RUNPATH_SEARCH_PATHS = (
					"$(inherited)",
					"@executable_path/../Frameworks",
				);
				MACOSX_DEPLOYMENT_TARGET = 14.0;
				MARKETING_VERSION = 0.9;
				PRODUCT_BUNDLE_IDENTIFIER = com.leevigong.GZUK;
				PRODUCT_NAME = "$(TARGET_NAME)";
				REGISTER_APP_GROUPS = YES;
				STRING_CATALOG_GENERATE_SYMBOLS = YES;
				SWIFT_APPROACHABLE_CONCURRENCY = YES;
				SWIFT_DEFAULT_ACTOR_ISOLATION = MainActor;
				SWIFT_EMIT_LOC_STRINGS = YES;
				SWIFT_UPCOMING_FEATURE_MEMBER_IMPORT_VISIBILITY = YES;
				SWIFT_VERSION = 5.0;
			};
			name = Release;
		};
		38C68FB92FA49B1100639B0D /* Debug */ = {
			isa = XCBuildConfiguration;
			buildSettings = {
				BUNDLE_LOADER = "$(TEST_HOST)";
				CODE_SIGN_STYLE = Automatic;
				CURRENT_PROJECT_VERSION = 1;
				GENERATE_INFOPLIST_FILE = YES;
				MACOSX_DEPLOYMENT_TARGET = 26.2;
				MARKETING_VERSION = 0.9;
				PRODUCT_BUNDLE_IDENTIFIER = com.leevigong.GZUKTests;
				PRODUCT_NAME = "$(TARGET_NAME)";
				STRING_CATALOG_GENERATE_SYMBOLS = NO;
				SWIFT_APPROACHABLE_CONCURRENCY = YES;
				SWIFT_EMIT_LOC_STRINGS = NO;
				SWIFT_UPCOMING_FEATURE_MEMBER_IMPORT_VISIBILITY = YES;
				SWIFT_VERSION = 5.0;
				TEST_HOST = "$(BUILT_PRODUCTS_DIR)/GZUK.app/$(BUNDLE_EXECUTABLE_FOLDER_PATH)/GZUK";
			};
			name = Debug;
		};
		38C68FBA2FA49B1100639B0D /* Release */ = {
			isa = XCBuildConfiguration;
			buildSettings = {
				BUNDLE_LOADER = "$(TEST_HOST)";
				CODE_SIGN_STYLE = Automatic;
				CURRENT_PROJECT_VERSION = 1;
				GENERATE_INFOPLIST_FILE = YES;
				MACOSX_DEPLOYMENT_TARGET = 26.2;
				MARKETING_VERSION = 0.9;
				PRODUCT_BUNDLE_IDENTIFIER = com.leevigong.GZUKTests;
				PRODUCT_NAME = "$(TARGET_NAME)";
				STRING_CATALOG_GENERATE_SYMBOLS = NO;
				SWIFT_APPROACHABLE_CONCURRENCY = YES;
				SWIFT_EMIT_LOC_STRINGS = NO;
				SWIFT_UPCOMING_FEATURE_MEMBER_IMPORT_VISIBILITY = YES;
				SWIFT_VERSION = 5.0;
				TEST_HOST = "$(BUILT_PRODUCTS_DIR)/GZUK.app/$(BUNDLE_EXECUTABLE_FOLDER_PATH)/GZUK";
			};
			name = Release;
		};
		38C68FBC2FA49B1100639B0D /* Debug */ = {
			isa = XCBuildConfiguration;
			buildSettings = {
				CODE_SIGN_STYLE = Automatic;
				CURRENT_PROJECT_VERSION = 1;
				GENERATE_INFOPLIST_FILE = YES;
				MARKETING_VERSION = 0.9;
				PRODUCT_BUNDLE_IDENTIFIER = com.leevigong.GZUKUITests;
				PRODUCT_NAME = "$(TARGET_NAME)";
				STRING_CATALOG_GENERATE_SYMBOLS = NO;
				SWIFT_APPROACHABLE_CONCURRENCY = YES;
				SWIFT_EMIT_LOC_STRINGS = NO;
				SWIFT_UPCOMING_FEATURE_MEMBER_IMPORT_VISIBILITY = YES;
				SWIFT_VERSION = 5.0;
				TEST_TARGET_NAME = GZUK;
			};
			name = Debug;
		};
		38C68FBD2FA49B1100639B0D /* Release */ = {
			isa = XCBuildConfiguration;
			buildSettings = {
				CODE_SIGN_STYLE = Automatic;
				CURRENT_PROJECT_VERSION = 1;
				GENERATE_INFOPLIST_FILE = YES;
				MARKETING_VERSION = 0.9;
				PRODUCT_BUNDLE_IDENTIFIER = com.leevigong.GZUKUITests;
				PRODUCT_NAME = "$(TARGET_NAME)";
				STRING_CATALOG_GENERATE_SYMBOLS = NO;
				SWIFT_APPROACHABLE_CONCURRENCY = YES;
				SWIFT_EMIT_LOC_STRINGS = NO;
				SWIFT_UPCOMING_FEATURE_MEMBER_IMPORT_VISIBILITY = YES;
				SWIFT_VERSION = 5.0;
				TEST_TARGET_NAME = GZUK;
			};
			name = Release;
		};
/* End XCBuildConfiguration section */

/* Begin XCConfigurationList section */
		38C68F8C2FA49B1000639B0D /* Build configuration list for PBXProject "GZUK" */ = {
			isa = XCConfigurationList;
			buildConfigurations = (
				38C68FB32FA49B1100639B0D /* Debug */,
				38C68FB42FA49B1100639B0D /* Release */,
			);
			defaultConfigurationIsVisible = 0;
			defaultConfigurationName = Release;
		};
		38C68FB52FA49B1100639B0D /* Build configuration list for PBXNativeTarget "GZUK" */ = {
			isa = XCConfigurationList;
			buildConfigurations = (
				38C68FB62FA49B1100639B0D /* Debug */,
				38C68FB72FA49B1100639B0D /* Release */,
			);
			defaultConfigurationIsVisible = 0;
			defaultConfigurationName = Release;
		};
		38C68FB82FA49B1100639B0D /* Build configuration list for PBXNativeTarget "GZUKTests" */ = {
			isa = XCConfigurationList;
			buildConfigurations = (
				38C68FB92FA49B1100639B0D /* Debug */,
				38C68FBA2FA49B1100639B0D /* Release */,
			);
			defaultConfigurationIsVisible = 0;
			defaultConfigurationName = Release;
		};
		38C68FBB2FA49B1100639B0D /* Build configuration list for PBXNativeTarget "GZUKUITests" */ = {
			isa = XCConfigurationList;
			buildConfigurations = (
				38C68FBC2FA49B1100639B0D /* Debug */,
				38C68FBD2FA49B1100639B0D /* Release */,
			);
			defaultConfigurationIsVisible = 0;
			defaultConfigurationName = Release;
		};
/* End XCConfigurationList section */

/* Begin XCRemoteSwiftPackageReference section */
		38C68FCF2FA49E5500639B0D /* XCRemoteSwiftPackageReference "HotKey" */ = {
			isa = XCRemoteSwiftPackageReference;
			repositoryURL = "https://github.com/soffes/HotKey";
			requirement = {
				kind = upToNextMajorVersion;
				minimumVersion = 0.2.0;
			};
		};
/* End XCRemoteSwiftPackageReference section */

/* Begin XCSwiftPackageProductDependency section */
		38C68FD02FA49E5500639B0D /* HotKey */ = {
			isa = XCSwiftPackageProductDependency;
			package = 38C68FCF2FA49E5500639B0D /* XCRemoteSwiftPackageReference "HotKey" */;
			productName = HotKey;
		};
/* End XCSwiftPackageProductDependency section */
	};
	rootObject = 38C68F892FA49B1000639B0D /* Project object */;
}
